// !$*UTF8*$!
{
	archiveVersion = 1;
	classes = {
	};
	objectVersion = 51;
	objects = {

/* Begin PBXBuildFile section */
		63ABABDE2543AD0500697D1A /* MovieDetailsViewController.swift in Sources */ = {isa = PBXBuildFile; fileRef = 63ABABDD2543AD0500697D1A /* MovieDetailsViewController.swift */; };
		63ABABE92543C75600697D1A /* MovieGridViewController.swift in Sources */ = {isa = PBXBuildFile; fileRef = 63ABABE82543C75600697D1A /* MovieGridViewController.swift */; };
		63ABABFC2543D07E00697D1A /* MovieGridCell.swift in Sources */ = {isa = PBXBuildFile; fileRef = 63ABABFB2543D07E00697D1A /* MovieGridCell.swift */; };
		63DEF999253D112C00A64C8F /* AppDelegate.swift in Sources */ = {isa = PBXBuildFile; fileRef = 63DEF998253D112C00A64C8F /* AppDelegate.swift */; };
		63DEF99B253D112C00A64C8F /* SceneDelegate.swift in Sources */ = {isa = PBXBuildFile; fileRef = 63DEF99A253D112C00A64C8F /* SceneDelegate.swift */; };
		63DEF9A0253D112C00A64C8F /* Main.storyboard in Resources */ = {isa = PBXBuildFile; fileRef = 63DEF99E253D112C00A64C8F /* Main.storyboard */; };
		63DEF9A2253D112C00A64C8F /* Assets.xcassets in Resources */ = {isa = PBXBuildFile; fileRef = 63DEF9A1253D112C00A64C8F /* Assets.xcassets */; };
		63DEF9A5253D112C00A64C8F /* LaunchScreen.storyboard in Resources */ = {isa = PBXBuildFile; fileRef = 63DEF9A3253D112C00A64C8F /* LaunchScreen.storyboard */; };
		63DEF9B0253D112C00A64C8F /* Flix_Pt1_CodePathTests.swift in Sources */ = {isa = PBXBuildFile; fileRef = 63DEF9AF253D112C00A64C8F /* Flix_Pt1_CodePathTests.swift */; };
		63DEF9BB253D112C00A64C8F /* Flix_Pt1_CodePathUITests.swift in Sources */ = {isa = PBXBuildFile; fileRef = 63DEF9BA253D112C00A64C8F /* Flix_Pt1_CodePathUITests.swift */; };
		63DEF9CF253D18A500A64C8F /* MoviesViewController.swift in Sources */ = {isa = PBXBuildFile; fileRef = 63DEF9CE253D18A500A64C8F /* MoviesViewController.swift */; };
		63DEF9D7253D1F3D00A64C8F /* MovieCell.swift in Sources */ = {isa = PBXBuildFile; fileRef = 63DEF9D6253D1F3D00A64C8F /* MovieCell.swift */; };
		9F8AA0834ED2F55D67665A51 /* Pods_Flix_Pt1_CodePath.framework in Frameworks */ = {isa = PBXBuildFile; fileRef = 4384B15473A6A2D59E6A7297 /* Pods_Flix_Pt1_CodePath.framework */; };
		C300A3352D3CDB079E5ECB9F /* Pods_Flix_Pt1_CodePath_Flix_Pt1_CodePathUITests.framework in Frameworks */ = {isa = PBXBuildFile; fileRef = 1FB22DAFC968EAF4A304388A /* Pods_Flix_Pt1_CodePath_Flix_Pt1_CodePathUITests.framework */; };
		FEA206B16901BDEDC7665322 /* Pods_Flix_Pt1_CodePathTests.framework in Frameworks */ = {isa = PBXBuildFile; fileRef = 66895C71B7DB5541A3019E2B /* Pods_Flix_Pt1_CodePathTests.framework */; };
/* End PBXBuildFile section */

/* Begin PBXContainerItemProxy section */
		63DEF9AC253D112C00A64C8F /* PBXContainerItemProxy */ = {
			isa = PBXContainerItemProxy;
			containerPortal = 63DEF98D253D112C00A64C8F /* Project object */;
			proxyType = 1;
			remoteGlobalIDString = 63DEF994253D112C00A64C8F;
			remoteInfo = "Flix-Pt1-CodePath";
		};
		63DEF9B7253D112C00A64C8F /* PBXContainerItemProxy */ = {
			isa = PBXContainerItemProxy;
			containerPortal = 63DEF98D253D112C00A64C8F /* Project object */;
			proxyType = 1;
			remoteGlobalIDString = 63DEF994253D112C00A64C8F;
			remoteInfo = "Flix-Pt1-CodePath";
		};
/* End PBXContainerItemProxy section */

/* Begin PBXFileReference section */
		0E13B12661710986EFD9D93F /* Pods-Flix-Pt1-CodePath-Flix-Pt1-CodePathUITests.release.xcconfig */ = {isa = PBXFileReference; includeInIndex = 1; lastKnownFileType = text.xcconfig; name = "Pods-Flix-Pt1-CodePath-Flix-Pt1-CodePathUITests.release.xcconfig"; path = "Target Support Files/Pods-Flix-Pt1-CodePath-Flix-Pt1-CodePathUITests/Pods-Flix-Pt1-CodePath-Flix-Pt1-CodePathUITests.release.xcconfig"; sourceTree = "<group>"; };
		1E21F2B68BAE586708B3AEA4 /* Pods-Flix-Pt1-CodePath.debug.xcconfig */ = {isa = PBXFileReference; includeInIndex = 1; lastKnownFileType = text.xcconfig; name = "Pods-Flix-Pt1-CodePath.debug.xcconfig"; path = "Target Support Files/Pods-Flix-Pt1-CodePath/Pods-Flix-Pt1-CodePath.debug.xcconfig"; sourceTree = "<group>"; };
		1FB22DAFC968EAF4A304388A /* Pods_Flix_Pt1_CodePath_Flix_Pt1_CodePathUITests.framework */ = {isa = PBXFileReference; explicitFileType = wrapper.framework; includeInIndex = 0; path = Pods_Flix_Pt1_CodePath_Flix_Pt1_CodePathUITests.framework; sourceTree = BUILT_PRODUCTS_DIR; };
		3B0588A046D271B542C18232 /* Pods-Flix-Pt1-CodePathTests.release.xcconfig */ = {isa = PBXFileReference; includeInIndex = 1; lastKnownFileType = text.xcconfig; name = "Pods-Flix-Pt1-CodePathTests.release.xcconfig"; path = "Target Support Files/Pods-Flix-Pt1-CodePathTests/Pods-Flix-Pt1-CodePathTests.release.xcconfig"; sourceTree = "<group>"; };
		4384B15473A6A2D59E6A7297 /* Pods_Flix_Pt1_CodePath.framework */ = {isa = PBXFileReference; explicitFileType = wrapper.framework; includeInIndex = 0; path = Pods_Flix_Pt1_CodePath.framework; sourceTree = BUILT_PRODUCTS_DIR; };
		63ABABDD2543AD0500697D1A /* MovieDetailsViewController.swift */ = {isa = PBXFileReference; lastKnownFileType = sourcecode.swift; path = MovieDetailsViewController.swift; sourceTree = "<group>"; };
		63ABABE82543C75600697D1A /* MovieGridViewController.swift */ = {isa = PBXFileReference; lastKnownFileType = sourcecode.swift; path = MovieGridViewController.swift; sourceTree = "<group>"; };
		63ABABFB2543D07E00697D1A /* MovieGridCell.swift */ = {isa = PBXFileReference; lastKnownFileType = sourcecode.swift; path = MovieGridCell.swift; sourceTree = "<group>"; };
		63DEF995253D112C00A64C8F /* Flix-Pt1-CodePath.app */ = {isa = PBXFileReference; explicitFileType = wrapper.application; includeInIndex = 0; path = "Flix-Pt1-CodePath.app"; sourceTree = BUILT_PRODUCTS_DIR; };
		63DEF998253D112C00A64C8F /* AppDelegate.swift */ = {isa = PBXFileReference; lastKnownFileType = sourcecode.swift; path = AppDelegate.swift; sourceTree = "<group>"; };
		63DEF99A253D112C00A64C8F /* SceneDelegate.swift */ = {isa = PBXFileReference; lastKnownFileType = sourcecode.swift; path = SceneDelegate.swift; sourceTree = "<group>"; };
		63DEF99F253D112C00A64C8F /* Base */ = {isa = PBXFileReference; lastKnownFileType = file.storyboard; name = Base; path = Base.lproj/Main.storyboard; sourceTree = "<group>"; };
		63DEF9A1253D112C00A64C8F /* Assets.xcassets */ = {isa = PBXFileReference; lastKnownFileType = folder.assetcatalog; path = Assets.xcassets; sourceTree = "<group>"; };
		63DEF9A4253D112C00A64C8F /* Base */ = {isa = PBXFileReference; lastKnownFileType = file.storyboard; name = Base; path = Base.lproj/LaunchScreen.storyboard; sourceTree = "<group>"; };
		63DEF9A6253D112C00A64C8F /* Info.plist */ = {isa = PBXFileReference; lastKnownFileType = text.plist.xml; path = Info.plist; sourceTree = "<group>"; };
		63DEF9AB253D112C00A64C8F /* Flix-Pt1-CodePathTests.xctest */ = {isa = PBXFileReference; explicitFileType = wrapper.cfbundle; includeInIndex = 0; path = "Flix-Pt1-CodePathTests.xctest"; sourceTree = BUILT_PRODUCTS_DIR; };
		63DEF9AF253D112C00A64C8F /* Flix_Pt1_CodePathTests.swift */ = {isa = PBXFileReference; lastKnownFileType = sourcecode.swift; path = Flix_Pt1_CodePathTests.swift; sourceTree = "<group>"; };
		63DEF9B1253D112C00A64C8F /* Info.plist */ = {isa = PBXFileReference; lastKnownFileType = text.plist.xml; path = Info.plist; sourceTree = "<group>"; };
		63DEF9B6253D112C00A64C8F /* Flix-Pt1-CodePathUITests.xctest */ = {isa = PBXFileReference; explicitFileType = wrapper.cfbundle; includeInIndex = 0; path = "Flix-Pt1-CodePathUITests.xctest"; sourceTree = BUILT_PRODUCTS_DIR; };
		63DEF9BA253D112C00A64C8F /* Flix_Pt1_CodePathUITests.swift */ = {isa = PBXFileReference; lastKnownFileType = sourcecode.swift; path = Flix_Pt1_CodePathUITests.swift; sourceTree = "<group>"; };
		63DEF9BC253D112C00A64C8F /* Info.plist */ = {isa = PBXFileReference; lastKnownFileType = text.plist.xml; path = Info.plist; sourceTree = "<group>"; };
		63DEF9CE253D18A500A64C8F /* MoviesViewController.swift */ = {isa = PBXFileReference; lastKnownFileType = sourcecode.swift; path = MoviesViewController.swift; sourceTree = "<group>"; };
		63DEF9D6253D1F3D00A64C8F /* MovieCell.swift */ = {isa = PBXFileReference; lastKnownFileType = sourcecode.swift; path = MovieCell.swift; sourceTree = "<group>"; };
		66895C71B7DB5541A3019E2B /* Pods_Flix_Pt1_CodePathTests.framework */ = {isa = PBXFileReference; explicitFileType = wrapper.framework; includeInIndex = 0; path = Pods_Flix_Pt1_CodePathTests.framework; sourceTree = BUILT_PRODUCTS_DIR; };
		8FBFF1599BB9DF3402A1C61B /* Pods-Flix-Pt1-CodePath-Flix-Pt1-CodePathUITests.debug.xcconfig */ = {isa = PBXFileReference; includeInIndex = 1; lastKnownFileType = text.xcconfig; name = "Pods-Flix-Pt1-CodePath-Flix-Pt1-CodePathUITests.debug.xcconfig"; path = "Target Support Files/Pods-Flix-Pt1-CodePath-Flix-Pt1-CodePathUITests/Pods-Flix-Pt1-CodePath-Flix-Pt1-CodePathUITests.debug.xcconfig"; sourceTree = "<group>"; };
		A4359AB28943846DBEB379C5 /* Pods-Flix-Pt1-CodePathTests.debug.xcconfig */ = {isa = PBXFileReference; includeInIndex = 1; lastKnownFileType = text.xcconfig; name = "Pods-Flix-Pt1-CodePathTests.debug.xcconfig"; path = "Target Support Files/Pods-Flix-Pt1-CodePathTests/Pods-Flix-Pt1-CodePathTests.debug.xcconfig"; sourceTree = "<group>"; };
		A9090CA3D9B22BF6F351790E /* Pods-Flix-Pt1-CodePath.release.xcconfig */ = {isa = PBXFileReference; includeInIndex = 1; lastKnownFileType = text.xcconfig; name = "Pods-Flix-Pt1-CodePath.release.xcconfig"; path = "Target Support Files/Pods-Flix-Pt1-CodePath/Pods-Flix-Pt1-CodePath.release.xcconfig"; sourceTree = "<group>"; };
/* End PBXFileReference section */

/* Begin PBXFrameworksBuildPhase section */
		63DEF992253D112C00A64C8F /* Frameworks */ = {
			isa = PBXFrameworksBuildPhase;
			buildActionMask = 2147483647;
			files = (
				9F8AA0834ED2F55D67665A51 /* Pods_Flix_Pt1_CodePath.framework in Frameworks */,
			);
			runOnlyForDeploymentPostprocessing = 0;
		};
		63DEF9A8253D112C00A64C8F /* Frameworks */ = {
			isa = PBXFrameworksBuildPhase;
			buildActionMask = 2147483647;
			files = (
				FEA206B16901BDEDC7665322 /* Pods_Flix_Pt1_CodePathTests.framework in Frameworks */,
			);
			runOnlyForDeploymentPostprocessing = 0;
		};
		63DEF9B3253D112C00A64C8F /* Frameworks */ = {
			isa = PBXFrameworksBuildPhase;
			buildActionMask = 2147483647;
			files = (
				C300A3352D3CDB079E5ECB9F /* Pods_Flix_Pt1_CodePath_Flix_Pt1_CodePathUITests.framework in Frameworks */,
			);
			runOnlyForDeploymentPostprocessing = 0;
		};
/* End PBXFrameworksBuildPhase section */

/* Begin PBXGroup section */
		00ED5DA4D22D26A25F9B3594 /* Frameworks */ = {
			isa = PBXGroup;
			children = (
				4384B15473A6A2D59E6A7297 /* Pods_Flix_Pt1_CodePath.framework */,
				1FB22DAFC968EAF4A304388A /* Pods_Flix_Pt1_CodePath_Flix_Pt1_CodePathUITests.framework */,
				66895C71B7DB5541A3019E2B /* Pods_Flix_Pt1_CodePathTests.framework */,
			);
			name = Frameworks;
			sourceTree = "<group>";
		};
		26F000CAEB1B53333F8DE8E3 /* Pods */ = {
			isa = PBXGroup;
			children = (
				1E21F2B68BAE586708B3AEA4 /* Pods-Flix-Pt1-CodePath.debug.xcconfig */,
				A9090CA3D9B22BF6F351790E /* Pods-Flix-Pt1-CodePath.release.xcconfig */,
				8FBFF1599BB9DF3402A1C61B /* Pods-Flix-Pt1-CodePath-Flix-Pt1-CodePathUITests.debug.xcconfig */,
				0E13B12661710986EFD9D93F /* Pods-Flix-Pt1-CodePath-Flix-Pt1-CodePathUITests.release.xcconfig */,
				A4359AB28943846DBEB379C5 /* Pods-Flix-Pt1-CodePathTests.debug.xcconfig */,
				3B0588A046D271B542C18232 /* Pods-Flix-Pt1-CodePathTests.release.xcconfig */,
			);
			path = Pods;
			sourceTree = "<group>";
		};
		63DEF98C253D112C00A64C8F = {
			isa = PBXGroup;
			children = (
				63DEF997253D112C00A64C8F /* Flix-Pt1-CodePath */,
				63DEF9AE253D112C00A64C8F /* Flix-Pt1-CodePathTests */,
				63DEF9B9253D112C00A64C8F /* Flix-Pt1-CodePathUITests */,
				63DEF996253D112C00A64C8F /* Products */,
				26F000CAEB1B53333F8DE8E3 /* Pods */,
				00ED5DA4D22D26A25F9B3594 /* Frameworks */,
			);
			sourceTree = "<group>";
		};
		63DEF996253D112C00A64C8F /* Products */ = {
			isa = PBXGroup;
			children = (
				63DEF995253D112C00A64C8F /* Flix-Pt1-CodePath.app */,
				63DEF9AB253D112C00A64C8F /* Flix-Pt1-CodePathTests.xctest */,
				63DEF9B6253D112C00A64C8F /* Flix-Pt1-CodePathUITests.xctest */,
			);
			name = Products;
			sourceTree = "<group>";
		};
		63DEF997253D112C00A64C8F /* Flix-Pt1-CodePath */ = {
			isa = PBXGroup;
			children = (
				63DEF998253D112C00A64C8F /* AppDelegate.swift */,
				63DEF9CE253D18A500A64C8F /* MoviesViewController.swift */,
				63ABABDD2543AD0500697D1A /* MovieDetailsViewController.swift */,
				63ABABE82543C75600697D1A /* MovieGridViewController.swift */,
				63DEF99A253D112C00A64C8F /* SceneDelegate.swift */,
				63DEF99E253D112C00A64C8F /* Main.storyboard */,
				63DEF9A1253D112C00A64C8F /* Assets.xcassets */,
				63DEF9A3253D112C00A64C8F /* LaunchScreen.storyboard */,
				63DEF9A6253D112C00A64C8F /* Info.plist */,
				63DEF9D6253D1F3D00A64C8F /* MovieCell.swift */,
				63ABABFB2543D07E00697D1A /* MovieGridCell.swift */,
			);
			path = "Flix-Pt1-CodePath";
			sourceTree = "<group>";
		};
		63DEF9AE253D112C00A64C8F /* Flix-Pt1-CodePathTests */ = {
			isa = PBXGroup;
			children = (
				63DEF9AF253D112C00A64C8F /* Flix_Pt1_CodePathTests.swift */,
				63DEF9B1253D112C00A64C8F /* Info.plist */,
			);
			path = "Flix-Pt1-CodePathTests";
			sourceTree = "<group>";
		};
		63DEF9B9253D112C00A64C8F /* Flix-Pt1-CodePathUITests */ = {
			isa = PBXGroup;
			children = (
				63DEF9BA253D112C00A64C8F /* Flix_Pt1_CodePathUITests.swift */,
				63DEF9BC253D112C00A64C8F /* Info.plist */,
			);
			path = "Flix-Pt1-CodePathUITests";
			sourceTree = "<group>";
		};
/* End PBXGroup section */

/* Begin PBXNativeTarget section */
		63DEF994253D112C00A64C8F /* Flix-Pt1-CodePath */ = {
			isa = PBXNativeTarget;
			buildConfigurationList = 63DEF9BF253D112C00A64C8F /* Build configuration list for PBXNativeTarget "Flix-Pt1-CodePath" */;
			buildPhases = (
				A78C13ECF7D4C4C2C21DFAA7 /* [CP] Check Pods Manifest.lock */,
				63DEF991253D112C00A64C8F /* Sources */,
				63DEF992253D112C00A64C8F /* Frameworks */,
				63DEF993253D112C00A64C8F /* Resources */,
				C6C15D1C82A2BCB5305584A6 /* [CP] Embed Pods Frameworks */,
			);
			buildRules = (
			);
			dependencies = (
			);
			name = "Flix-Pt1-CodePath";
			productName = "Flix-Pt1-CodePath";
			productReference = 63DEF995253D112C00A64C8F /* Flix-Pt1-CodePath.app */;
			productType = "com.apple.product-type.application";
		};
		63DEF9AA253D112C00A64C8F /* Flix-Pt1-CodePathTests */ = {
			isa = PBXNativeTarget;
			buildConfigurationList = 63DEF9C2253D112C00A64C8F /* Build configuration list for PBXNativeTarget "Flix-Pt1-CodePathTests" */;
			buildPhases = (
				3FF55F200868ECB725FEE189 /* [CP] Check Pods Manifest.lock */,
				63DEF9A7253D112C00A64C8F /* Sources */,
				63DEF9A8253D112C00A64C8F /* Frameworks */,
				63DEF9A9253D112C00A64C8F /* Resources */,
			);
			buildRules = (
			);
			dependencies = (
				63DEF9AD253D112C00A64C8F /* PBXTargetDependency */,
			);
			name = "Flix-Pt1-CodePathTests";
			productName = "Flix-Pt1-CodePathTests";
			productReference = 63DEF9AB253D112C00A64C8F /* Flix-Pt1-CodePathTests.xctest */;
			productType = "com.apple.product-type.bundle.unit-test";
		};
		63DEF9B5253D112C00A64C8F /* Flix-Pt1-CodePathUITests */ = {
			isa = PBXNativeTarget;
			buildConfigurationList = 63DEF9C5253D112C00A64C8F /* Build configuration list for PBXNativeTarget "Flix-Pt1-CodePathUITests" */;
			buildPhases = (
				4783DB569332DDA38CBE5A5D /* [CP] Check Pods Manifest.lock */,
				63DEF9B2253D112C00A64C8F /* Sources */,
				63DEF9B3253D112C00A64C8F /* Frameworks */,
				63DEF9B4253D112C00A64C8F /* Resources */,
				7842C65896A18FFE86E15C74 /* [CP] Embed Pods Frameworks */,
			);
			buildRules = (
			);
			dependencies = (
				63DEF9B8253D112C00A64C8F /* PBXTargetDependency */,
			);
			name = "Flix-Pt1-CodePathUITests";
			productName = "Flix-Pt1-CodePathUITests";
			productReference = 63DEF9B6253D112C00A64C8F /* Flix-Pt1-CodePathUITests.xctest */;
			productType = "com.apple.product-type.bundle.ui-testing";
		};
/* End PBXNativeTarget section */

/* Begin PBXProject section */
		63DEF98D253D112C00A64C8F /* Project object */ = {
			isa = PBXProject;
			attributes = {
				LastSwiftUpdateCheck = 1200;
				LastUpgradeCheck = 1200;
				TargetAttributes = {
					63DEF994253D112C00A64C8F = {
						CreatedOnToolsVersion = 12.0.1;
					};
					63DEF9AA253D112C00A64C8F = {
						CreatedOnToolsVersion = 12.0.1;
						TestTargetID = 63DEF994253D112C00A64C8F;
					};
					63DEF9B5253D112C00A64C8F = {
						CreatedOnToolsVersion = 12.0.1;
						TestTargetID = 63DEF994253D112C00A64C8F;
					};
				};
			};
			buildConfigurationList = 63DEF990253D112C00A64C8F /* Build configuration list for PBXProject "Flix-Pt1-CodePath" */;
			compatibilityVersion = "Xcode 9.3";
			developmentRegion = en;
			hasScannedForEncodings = 0;
			knownRegions = (
				en,
				Base,
			);
			mainGroup = 63DEF98C253D112C00A64C8F;
			productRefGroup = 63DEF996253D112C00A64C8F /* Products */;
			projectDirPath = "";
			projectRoot = "";
			targets = (
				63DEF994253D112C00A64C8F /* Flix-Pt1-CodePath */,
				63DEF9AA253D112C00A64C8F /* Flix-Pt1-CodePathTests */,
				63DEF9B5253D112C00A64C8F /* Flix-Pt1-CodePathUITests */,
			);
		};
/* End PBXProject section */

/* Begin PBXResourcesBuildPhase section */
		63DEF993253D112C00A64C8F /* Resources */ = {
			isa = PBXResourcesBuildPhase;
			buildActionMask = 2147483647;
			files = (
				63DEF9A5253D112C00A64C8F /* LaunchScreen.storyboard in Resources */,
				63DEF9A2253D112C00A64C8F /* Assets.xcassets in Resources */,
				63DEF9A0253D112C00A64C8F /* Main.storyboard in Resources */,
			);
			runOnlyForDeploymentPostprocessing = 0;
		};
		63DEF9A9253D112C00A64C8F /* Resources */ = {
			isa = PBXResourcesBuildPhase;
			buildActionMask = 2147483647;
			files = (
			);
			runOnlyForDeploymentPostprocessing = 0;
		};
		63DEF9B4253D112C00A64C8F /* Resources */ = {
			isa = PBXResourcesBuildPhase;
			buildActionMask = 2147483647;
			files = (
			);
			runOnlyForDeploymentPostprocessing = 0;
		};
/* End PBXResourcesBuildPhase section */

/* Begin PBXShellScriptBuildPhase section */
		3FF55F200868ECB725FEE189 /* [CP] Check Pods Manifest.lock */ = {
			isa = PBXShellScriptBuildPhase;
			buildActionMask = 2147483647;
			files = (
			);
			inputFileListPaths = (
			);
			inputPaths = (
				"${PODS_PODFILE_DIR_PATH}/Podfile.lock",
				"${PODS_ROOT}/Manifest.lock",
			);
			name = "[CP] Check Pods Manifest.lock";
			outputFileListPaths = (
			);
			outputPaths = (
				"$(DERIVED_FILE_DIR)/Pods-Flix-Pt1-CodePathTests-checkManifestLockResult.txt",
			);
			runOnlyForDeploymentPostprocessing = 0;
			shellPath = /bin/sh;
			shellScript = "diff \"${PODS_PODFILE_DIR_PATH}/Podfile.lock\" \"${PODS_ROOT}/Manifest.lock\" > /dev/null\nif [ $? != 0 ] ; then\n    # print error to STDERR\n    echo \"error: The sandbox is not in sync with the Podfile.lock. Run 'pod install' or update your CocoaPods installation.\" >&2\n    exit 1\nfi\n# This output is used by Xcode 'outputs' to avoid re-running this script phase.\necho \"SUCCESS\" > \"${SCRIPT_OUTPUT_FILE_0}\"\n";
			showEnvVarsInLog = 0;
		};
		4783DB569332DDA38CBE5A5D /* [CP] Check Pods Manifest.lock */ = {
			isa = PBXShellScriptBuildPhase;
			buildActionMask = 2147483647;
			files = (
			);
			inputFileListPaths = (
			);
			inputPaths = (
				"${PODS_PODFILE_DIR_PATH}/Podfile.lock",
				"${PODS_ROOT}/Manifest.lock",
			);
			name = "[CP] Check Pods Manifest.lock";
			outputFileListPaths = (
			);
			outputPaths = (
				"$(DERIVED_FILE_DIR)/Pods-Flix-Pt1-CodePath-Flix-Pt1-CodePathUITests-checkManifestLockResult.txt",
			);
			runOnlyForDeploymentPostprocessing = 0;
			shellPath = /bin/sh;
			shellScript = "diff \"${PODS_PODFILE_DIR_PATH}/Podfile.lock\" \"${PODS_ROOT}/Manifest.lock\" > /dev/null\nif [ $? != 0 ] ; then\n    # print error to STDERR\n    echo \"error: The sandbox is not in sync with the Podfile.lock. Run 'pod install' or update your CocoaPods installation.\" >&2\n    exit 1\nfi\n# This output is used by Xcode 'outputs' to avoid re-running this script phase.\necho \"SUCCESS\" > \"${SCRIPT_OUTPUT_FILE_0}\"\n";
			showEnvVarsInLog = 0;
		};
		7842C65896A18FFE86E15C74 /* [CP] Embed Pods Frameworks */ = {
			isa = PBXShellScriptBuildPhase;
			buildActionMask = 2147483647;
			files = (
			);
			inputFileListPaths = (
				"${PODS_ROOT}/Target Support Files/Pods-Flix-Pt1-CodePath-Flix-Pt1-CodePathUITests/Pods-Flix-Pt1-CodePath-Flix-Pt1-CodePathUITests-frameworks-${CONFIGURATION}-input-files.xcfilelist",
			);
			name = "[CP] Embed Pods Frameworks";
			outputFileListPaths = (
				"${PODS_ROOT}/Target Support Files/Pods-Flix-Pt1-CodePath-Flix-Pt1-CodePathUITests/Pods-Flix-Pt1-CodePath-Flix-Pt1-CodePathUITests-frameworks-${CONFIGURATION}-output-files.xcfilelist",
			);
			runOnlyForDeploymentPostprocessing = 0;
			shellPath = /bin/sh;
			shellScript = "\"${PODS_ROOT}/Target Support Files/Pods-Flix-Pt1-CodePath-Flix-Pt1-CodePathUITests/Pods-Flix-Pt1-CodePath-Flix-Pt1-CodePathUITests-frameworks.sh\"\n";
			showEnvVarsInLog = 0;
		};
		A78C13ECF7D4C4C2C21DFAA7 /* [CP] Check Pods Manifest.lock */ = {
			isa = PBXShellScriptBuildPhase;
			buildActionMask = 2147483647;
			files = (
			);
			inputFileListPaths = (
			);
			inputPaths = (
				"${PODS_PODFILE_DIR_PATH}/Podfile.lock",
				"${PODS_ROOT}/Manifest.lock",
			);
			name = "[CP] Check Pods Manifest.lock";
			outputFileListPaths = (
			);
			outputPaths = (
				"$(DERIVED_FILE_DIR)/Pods-Flix-Pt1-CodePath-checkManifestLockResult.txt",
			);
			runOnlyForDeploymentPostprocessing = 0;
			shellPath = /bin/sh;
			shellScript = "diff \"${PODS_PODFILE_DIR_PATH}/Podfile.lock\" \"${PODS_ROOT}/Manifest.lock\" > /dev/null\nif [ $? != 0 ] ; then\n    # print error to STDERR\n    echo \"error: The sandbox is not in sync with the Podfile.lock. Run 'pod install' or update your CocoaPods installation.\" >&2\n    exit 1\nfi\n# This output is used by Xcode 'outputs' to avoid re-running this script phase.\necho \"SUCCESS\" > \"${SCRIPT_OUTPUT_FILE_0}\"\n";
			showEnvVarsInLog = 0;
		};
		C6C15D1C82A2BCB5305584A6 /* [CP] Embed Pods Frameworks */ = {
			isa = PBXShellScriptBuildPhase;
			buildActionMask = 2147483647;
			files = (
			);
			inputFileListPaths = (
				"${PODS_ROOT}/Target Support Files/Pods-Flix-Pt1-CodePath/Pods-Flix-Pt1-CodePath-frameworks-${CONFIGURATION}-input-files.xcfilelist",
			);
			name = "[CP] Embed Pods Frameworks";
			outputFileListPaths = (
				"${PODS_ROOT}/Target Support Files/Pods-Flix-Pt1-CodePath/Pods-Flix-Pt1-CodePath-frameworks-${CONFIGURATION}-output-files.xcfilelist",
			);
			runOnlyForDeploymentPostprocessing = 0;
			shellPath = /bin/sh;
			shellScript = "\"${PODS_ROOT}/Target Support Files/Pods-Flix-Pt1-CodePath/Pods-Flix-Pt1-CodePath-frameworks.sh\"\n";
			showEnvVarsInLog = 0;
		};
/* End PBXShellScriptBuildPhase section */

/* Begin PBXSourcesBuildPhase section */
		63DEF991253D112C00A64C8F /* Sources */ = {
			isa = PBXSourcesBuildPhase;
			buildActionMask = 2147483647;
			files = (
				63ABABDE2543AD0500697D1A /* MovieDetailsViewController.swift in Sources */,
				63DEF999253D112C00A64C8F /* AppDelegate.swift in Sources */,
				63DEF99B253D112C00A64C8F /* SceneDelegate.swift in Sources */,
				63DEF9D7253D1F3D00A64C8F /* MovieCell.swift in Sources */,
				63DEF9CF253D18A500A64C8F /* MoviesViewController.swift in Sources */,
				63ABABE92543C75600697D1A /* MovieGridViewController.swift in Sources */,
				63ABABFC2543D07E00697D1A /* MovieGridCell.swift in Sources */,
			);
			runOnlyForDeploymentPostprocessing = 0;
		};
		63DEF9A7253D112C00A64C8F /* Sources */ = {
			isa = PBXSourcesBuildPhase;
			buildActionMask = 2147483647;
			files = (
				63DEF9B0253D112C00A64C8F /* Flix_Pt1_CodePathTests.swift in Sources */,
			);
			runOnlyForDeploymentPostprocessing = 0;
		};
		63DEF9B2253D112C00A64C8F /* Sources */ = {
			isa = PBXSourcesBuildPhase;
			buildActionMask = 2147483647;
			files = (
				63DEF9BB253D112C00A64C8F /* Flix_Pt1_CodePathUITests.swift in Sources */,
			);
			runOnlyForDeploymentPostprocessing = 0;
		};
/* End PBXSourcesBuildPhase section */

/* Begin PBXTargetDependency section */
		63DEF9AD253D112C00A64C8F /* PBXTargetDependency */ = {
			isa = PBXTargetDependency;
			target = 63DEF994253D112C00A64C8F /* Flix-Pt1-CodePath */;
			targetProxy = 63DEF9AC253D112C00A64C8F /* PBXContainerItemProxy */;
		};
		63DEF9B8253D112C00A64C8F /* PBXTargetDependency */ = {
			isa = PBXTargetDependency;
			target = 63DEF994253D112C00A64C8F /* Flix-Pt1-CodePath */;
			targetProxy = 63DEF9B7253D112C00A64C8F /* PBXContainerItemProxy */;
		};
/* End PBXTargetDependency section */

/* Begin PBXVariantGroup section */
		63DEF99E253D112C00A64C8F /* Main.storyboard */ = {
			isa = PBXVariantGroup;
			children = (
				63DEF99F253D112C00A64C8F /* Base */,
			);
			name = Main.storyboard;
			sourceTree = "<group>";
		};
		63DEF9A3253D112C00A64C8F /* LaunchScreen.storyboard */ = {
			isa = PBXVariantGroup;
			children = (
				63DEF9A4253D112C00A64C8F /* Base */,
			);
			name = LaunchScreen.storyboard;
			sourceTree = "<group>";
		};
/* End PBXVariantGroup section */

/* Begin XCBuildConfiguration section */
		63DEF9BD253D112C00A64C8F /* Debug */ = {
			isa = XCBuildConfiguration;
			buildSettings = {
				ALWAYS_SEARCH_USER_PATHS = NO;
				CLANG_ANALYZER_NONNULL = YES;
				CLANG_ANALYZER_NUMBER_OBJECT_CONVERSION = YES_AGGRESSIVE;
				CLANG_CXX_LANGUAGE_STANDARD = "gnu++14";
				CLANG_CXX_LIBRARY = "libc++";
				CLANG_ENABLE_MODULES = YES;
				CLANG_ENABLE_OBJC_ARC = YES;
				CLANG_ENABLE_OBJC_WEAK = YES;
				CLANG_WARN_BLOCK_CAPTURE_AUTORELEASING = YES;
				CLANG_WARN_BOOL_CONVERSION = YES;
				CLANG_WARN_COMMA = YES;
				CLANG_WARN_CONSTANT_CONVERSION = YES;
				CLANG_WARN_DEPRECATED_OBJC_IMPLEMENTATIONS = YES;
				CLANG_WARN_DIRECT_OBJC_ISA_USAGE = YES_ERROR;
				CLANG_WARN_DOCUMENTATION_COMMENTS = YES;
				CLANG_WARN_EMPTY_BODY = YES;
				CLANG_WARN_ENUM_CONVERSION = YES;
				CLANG_WARN_INFINITE_RECURSION = YES;
				CLANG_WARN_INT_CONVERSION = YES;
				CLANG_WARN_NON_LITERAL_NULL_CONVERSION = YES;
				CLANG_WARN_OBJC_IMPLICIT_RETAIN_SELF = YES;
				CLANG_WARN_OBJC_LITERAL_CONVERSION = YES;
				CLANG_WARN_OBJC_ROOT_CLASS = YES_ERROR;
				CLANG_WARN_QUOTED_INCLUDE_IN_FRAMEWORK_HEADER = YES;
				CLANG_WARN_RANGE_LOOP_ANALYSIS = YES;
				CLANG_WARN_STRICT_PROTOTYPES = YES;
				CLANG_WARN_SUSPICIOUS_MOVE = YES;
				CLANG_WARN_UNGUARDED_AVAILABILITY = YES_AGGRESSIVE;
				CLANG_WARN_UNREACHABLE_CODE = YES;
				CLANG_WARN__DUPLICATE_METHOD_MATCH = YES;
				COPY_PHASE_STRIP = NO;
				DEBUG_INFORMATION_FORMAT = dwarf;
				ENABLE_STRICT_OBJC_MSGSEND = YES;
				ENABLE_TESTABILITY = YES;
				GCC_C_LANGUAGE_STANDARD = gnu11;
				GCC_DYNAMIC_NO_PIC = NO;
				GCC_NO_COMMON_BLOCKS = YES;
				GCC_OPTIMIZATION_LEVEL = 0;
				GCC_PREPROCESSOR_DEFINITIONS = (
					"DEBUG=1",
					"$(inherited)",
				);
				GCC_WARN_64_TO_32_BIT_CONVERSION = YES;
				GCC_WARN_ABOUT_RETURN_TYPE = YES_ERROR;
				GCC_WARN_UNDECLARED_SELECTOR = YES;
				GCC_WARN_UNINITIALIZED_AUTOS = YES_AGGRESSIVE;
				GCC_WARN_UNUSED_FUNCTION = YES;
				GCC_WARN_UNUSED_VARIABLE = YES;
				IPHONEOS_DEPLOYMENT_TARGET = 14.0;
				MTL_ENABLE_DEBUG_INFO = INCLUDE_SOURCE;
				MTL_FAST_MATH = YES;
				ONLY_ACTIVE_ARCH = YES;
				SDKROOT = iphoneos;
				SWIFT_ACTIVE_COMPILATION_CONDITIONS = DEBUG;
				SWIFT_OPTIMIZATION_LEVEL = "-Onone";
			};
			name = Debug;
		};
		63DEF9BE253D112C00A64C8F /* Release */ = {
			isa = XCBuildConfiguration;
			buildSettings = {
				ALWAYS_SEARCH_USER_PATHS = NO;
				CLANG_ANALYZER_NONNULL = YES;
				CLANG_ANALYZER_NUMBER_OBJECT_CONVERSION = YES_AGGRESSIVE;
				CLANG_CXX_LANGUAGE_STANDARD = "gnu++14";
				CLANG_CXX_LIBRARY = "libc++";
				CLANG_ENABLE_MODULES = YES;
				CLANG_ENABLE_OBJC_ARC = YES;
				CLANG_ENABLE_OBJC_WEAK = YES;
				CLANG_WARN_BLOCK_CAPTURE_AUTORELEASING = YES;
				CLANG_WARN_BOOL_CONVERSION = YES;
				CLANG_WARN_COMMA = YES;
				CLANG_WARN_CONSTANT_CONVERSION = YES;
				CLANG_WARN_DEPRECATED_OBJC_IMPLEMENTATIONS = YES;
				CLANG_WARN_DIRECT_OBJC_ISA_USAGE = YES_ERROR;
				CLANG_WARN_DOCUMENTATION_COMMENTS = YES;
				CLANG_WARN_EMPTY_BODY = YES;
				CLANG_WARN_ENUM_CONVERSION = YES;
				CLANG_WARN_INFINITE_RECURSION = YES;
				CLANG_WARN_INT_CONVERSION = YES;
				CLANG_WARN_NON_LITERAL_NULL_CONVERSION = YES;
				CLANG_WARN_OBJC_IMPLICIT_RETAIN_SELF = YES;
				CLANG_WARN_OBJC_LITERAL_CONVERSION = YES;
				CLANG_WARN_OBJC_ROOT_CLASS = YES_ERROR;
				CLANG_WARN_QUOTED_INCLUDE_IN_FRAMEWORK_HEADER = YES;
				CLANG_WARN_RANGE_LOOP_ANALYSIS = YES;
				CLANG_WARN_STRICT_PROTOTYPES = YES;
				CLANG_WARN_SUSPICIOUS_MOVE = YES;
				CLANG_WARN_UNGUARDED_AVAILABILITY = YES_AGGRESSIVE;
				CLANG_WARN_UNREACHABLE_CODE = YES;
				CLANG_WARN__DUPLICATE_METHOD_MATCH = YES;
				COPY_PHASE_STRIP = NO;
				DEBUG_INFORMATION_FORMAT = "dwarf-with-dsym";
				ENABLE_NS_ASSERTIONS = NO;
				ENABLE_STRICT_OBJC_MSGSEND = YES;
				GCC_C_LANGUAGE_STANDARD = gnu11;
				GCC_NO_COMMON_BLOCKS = YES;
				GCC_WARN_64_TO_32_BIT_CONVERSION = YES;
				GCC_WARN_ABOUT_RETURN_TYPE = YES_ERROR;
				GCC_WARN_UNDECLARED_SELECTOR = YES;
				GCC_WARN_UNINITIALIZED_AUTOS = YES_AGGRESSIVE;
				GCC_WARN_UNUSED_FUNCTION = YES;
				GCC_WARN_UNUSED_VARIABLE = YES;
				IPHONEOS_DEPLOYMENT_TARGET = 14.0;
				MTL_ENABLE_DEBUG_INFO = NO;
				MTL_FAST_MATH = YES;
				SDKROOT = iphoneos;
				SWIFT_COMPILATION_MODE = wholemodule;
				SWIFT_OPTIMIZATION_LEVEL = "-O";
				VALIDATE_PRODUCT = YES;
			};
			name = Release;
		};
		63DEF9C0253D112C00A64C8F /* Debug */ = {
			isa = XCBuildConfiguration;
			baseConfigurationReference = 1E21F2B68BAE586708B3AEA4 /* Pods-Flix-Pt1-CodePath.debug.xcconfig */;
			buildSettings = {
				ASSETCATALOG_COMPILER_APPICON_NAME = AppIcon;
				ASSETCATALOG_COMPILER_GLOBAL_ACCENT_COLOR_NAME = AccentColor;
				CODE_SIGN_STYLE = Automatic;
				DEVELOPMENT_TEAM = QCMVFNVMJH;
				INFOPLIST_FILE = "Flix-Pt1-CodePath/Info.plist";
				LD_RUNPATH_SEARCH_PATHS = (
					"$(inherited)",
					"@executable_path/Frameworks",
				);
				PRODUCT_BUNDLE_IDENTIFIER = "jonzamora.Flix-Pt1-CodePath";
				PRODUCT_NAME = "$(TARGET_NAME)";
				SWIFT_VERSION = 5.0;
				TARGETED_DEVICE_FAMILY = "1,2";
			};
			name = Debug;
		};
		63DEF9C1253D112C00A64C8F /* Release */ = {
			isa = XCBuildConfiguration;
			baseConfigurationReference = A9090CA3D9B22BF6F351790E /* Pods-Flix-Pt1-CodePath.release.xcconfig */;
			buildSettings = {
				ASSETCATALOG_COMPILER_APPICON_NAME = AppIcon;
				ASSETCATALOG_COMPILER_GLOBAL_ACCENT_COLOR_NAME = AccentColor;
				CODE_SIGN_STYLE = Automatic;
				DEVELOPMENT_TEAM = QCMVFNVMJH;
				INFOPLIST_FILE = "Flix-Pt1-CodePath/Info.plist";
				LD_RUNPATH_SEARCH_PATHS = (
					"$(inherited)",
					"@executable_path/Frameworks",
				);
				PRODUCT_BUNDLE_IDENTIFIER = "jonzamora.Flix-Pt1-CodePath";
				PRODUCT_NAME = "$(TARGET_NAME)";
				SWIFT_VERSION = 5.0;
				TARGETED_DEVICE_FAMILY = "1,2";
			};
			name = Release;
		};
		63DEF9C3253D112C00A64C8F /* Debug */ = {
			isa = XCBuildConfiguration;
			baseConfigurationReference = A4359AB28943846DBEB379C5 /* Pods-Flix-Pt1-CodePathTests.debug.xcconfig */;
			buildSettings = {
				ALWAYS_EMBED_SWIFT_STANDARD_LIBRARIES = YES;
				BUNDLE_LOADER = "$(TEST_HOST)";
				CODE_SIGN_STYLE = Automatic;
				DEVELOPMENT_TEAM = QCMVFNVMJH;
				INFOPLIST_FILE = "Flix-Pt1-CodePathTests/Info.plist";
				IPHONEOS_DEPLOYMENT_TARGET = 14.0;
				LD_RUNPATH_SEARCH_PATHS = (
					"$(inherited)",
					"@executable_path/Frameworks",
					"@loader_path/Frameworks",
				);
				PRODUCT_BUNDLE_IDENTIFIER = "jonzamora.Flix-Pt1-CodePathTests";
				PRODUCT_NAME = "$(TARGET_NAME)";
				SWIFT_VERSION = 5.0;
				TARGETED_DEVICE_FAMILY = "1,2";
				TEST_HOST = "$(BUILT_PRODUCTS_DIR)/Flix-Pt1-CodePath.app/Flix-Pt1-CodePath";
			};
			name = Debug;
		};
		63DEF9C4253D112C00A64C8F /* Release */ = {
			isa = XCBuildConfiguration;
			baseConfigurationReference = 3B0588A046D271B542C18232 /* Pods-Flix-Pt1-CodePathTests.release.xcconfig */;
			buildSettings = {
				ALWAYS_EMBED_SWIFT_STANDARD_LIBRARIES = YES;
				BUNDLE_LOADER = "$(TEST_HOST)";
				CODE_SIGN_STYLE = Automatic;
				DEVELOPMENT_TEAM = QCMVFNVMJH;
				INFOPLIST_FILE = "Flix-Pt1-CodePathTests/Info.plist";
				IPHONEOS_DEPLOYMENT_TARGET = 14.0;
				LD_RUNPATH_SEARCH_PATHS = (
					"$(inherited)",
					"@executable_path/Frameworks",
					"@loader_path/Frameworks",
				);
				PRODUCT_BUNDLE_IDENTIFIER = "jonzamora.Flix-Pt1-CodePathTests";
				PRODUCT_NAME = "$(TARGET_NAME)";
				SWIFT_VERSION = 5.0;
				TARGETED_DEVICE_FAMILY = "1,2";
				TEST_HOST = "$(BUILT_PRODUCTS_DIR)/Flix-Pt1-CodePath.app/Flix-Pt1-CodePath";
			};
			name = Release;
		};
		63DEF9C6253D112C00A64C8F /* Debug */ = {
			isa = XCBuildConfiguration;
			baseConfigurationReference = 8FBFF1599BB9DF3402A1C61B /* Pods-Flix-Pt1-CodePath-Flix-Pt1-CodePathUITests.debug.xcconfig */;
			buildSettings = {
				ALWAYS_EMBED_SWIFT_STANDARD_LIBRARIES = YES;
				CODE_SIGN_STYLE = Automatic;
				DEVELOPMENT_TEAM = QCMVFNVMJH;
				INFOPLIST_FILE = "Flix-Pt1-CodePathUITests/Info.plist";
				LD_RUNPATH_SEARCH_PATHS = (
					"$(inherited)",
					"@executable_path/Frameworks",
					"@loader_path/Frameworks",
				);
				PRODUCT_BUNDLE_IDENTIFIER = "jonzamora.Flix-Pt1-CodePathUITests";
				PRODUCT_NAME = "$(TARGET_NAME)";
				SWIFT_VERSION = 5.0;
				TARGETED_DEVICE_FAMILY = "1,2";
				TEST_TARGET_NAME = "Flix-Pt1-CodePath";
			};
			name = Debug;
		};
		63DEF9C7253D112C00A64C8F /* Release */ = {
			isa = XCBuildConfiguration;
			baseConfigurationReference = 0E13B12661710986EFD9D93F /* Pods-Flix-Pt1-CodePath-Flix-Pt1-CodePathUITests.release.xcconfig */;
			buildSettings = {
				ALWAYS_EMBED_SWIFT_STANDARD_LIBRARIES = YES;
				CODE_SIGN_STYLE = Automatic;
				DEVELOPMENT_TEAM = QCMVFNVMJH;
				INFOPLIST_FILE = "Flix-Pt1-CodePathUITests/Info.plist";
				LD_RUNPATH_SEARCH_PATHS = (
					"$(inherited)",
					"@executable_path/Frameworks",
					"@loader_path/Frameworks",
				);
				PRODUCT_BUNDLE_IDENTIFIER = "jonzamora.Flix-Pt1-CodePathUITests";
				PRODUCT_NAME = "$(TARGET_NAME)";
				SWIFT_VERSION = 5.0;
				TARGETED_DEVICE_FAMILY = "1,2";
				TEST_TARGET_NAME = "Flix-Pt1-CodePath";
			};
			name = Release;
		};
/* End XCBuildConfiguration section */

/* Begin XCConfigurationList section */
		63DEF990253D112C00A64C8F /* Build configuration list for PBXProject "Flix-Pt1-CodePath" */ = {
			isa = XCConfigurationList;
			buildConfigurations = (
				63DEF9BD253D112C00A64C8F /* Debug */,
				63DEF9BE253D112C00A64C8F /* Release */,
			);
			defaultConfigurationIsVisible = 0;
			defaultConfigurationName = Release;
		};
		63DEF9BF253D112C00A64C8F /* Build configuration list for PBXNativeTarget "Flix-Pt1-CodePath" */ = {
			isa = XCConfigurationList;
			buildConfigurations = (
				63DEF9C0253D112C00A64C8F /* Debug */,
				63DEF9C1253D112C00A64C8F /* Release */,
			);
			defaultConfigurationIsVisible = 0;
			defaultConfigurationName = Release;
		};
		63DEF9C2253D112C00A64C8F /* Build configuration list for PBXNativeTarget "Flix-Pt1-CodePathTests" */ = {
			isa = XCConfigurationList;
			buildConfigurations = (
				63DEF9C3253D112C00A64C8F /* Debug */,
				63DEF9C4253D112C00A64C8F /* Release */,
			);
			defaultConfigurationIsVisible = 0;
			defaultConfigurationName = Release;
		};
		63DEF9C5253D112C00A64C8F /* Build configuration list for PBXNativeTarget "Flix-Pt1-CodePathUITests" */ = {
			isa = XCConfigurationList;
			buildConfigurations = (
				63DEF9C6253D112C00A64C8F /* Debug */,
				63DEF9C7253D112C00A64C8F /* Release */,
			);
			defaultConfigurationIsVisible = 0;
			defaultConfigurationName = Release;
		};
/* End XCConfigurationList section */
	};
	rootObject = 63DEF98D253D112C00A64C8F /* Project object */;
}
